// !$*UTF8*$!
{
	archiveVersion = 1;
	classes = {
	};
	objectVersion = 46;
	objects = {

/* Begin PBXBuildFile section */
		6353A54F22A5FE68000F3A73 /* imp.ltc.encode~.c in Sources */ = {isa = PBXBuildFile; fileRef = 6353A54A22A5FE68000F3A73 /* imp.ltc.encode~.c */; };
		6353A55122A5FE68000F3A73 /* common.h in Headers */ = {isa = PBXBuildFile; fileRef = 6353A54C22A5FE68000F3A73 /* common.h */; };
		636A955423F06BCC006EC12F /* ltc.h in Headers */ = {isa = PBXBuildFile; fileRef = 636A955223F06BCC006EC12F /* ltc.h */; };
		636A955523F06BCC006EC12F /* ltc.h in Headers */ = {isa = PBXBuildFile; fileRef = 636A955223F06BCC006EC12F /* ltc.h */; };
		636A955623F06BCC006EC12F /* ltc.c in Sources */ = {isa = PBXBuildFile; fileRef = 636A955323F06BCC006EC12F /* ltc.c */; };
		636A955723F06BCC006EC12F /* ltc.c in Sources */ = {isa = PBXBuildFile; fileRef = 636A955323F06BCC006EC12F /* ltc.c */; };
		638DFF0222A5FEF400EB41AB /* common.h in Headers */ = {isa = PBXBuildFile; fileRef = 6353A54C22A5FE68000F3A73 /* common.h */; };
		638DFF0722A5FEF400EB41AB /* imp.ltc.decode~.c in Sources */ = {isa = PBXBuildFile; fileRef = 6353A54B22A5FE68000F3A73 /* imp.ltc.decode~.c */; };
		63F9C27422A601D10065C249 /* encoder.h in Headers */ = {isa = PBXBuildFile; fileRef = 63F9C26D22A601D10065C249 /* encoder.h */; };
		63F9C27522A601D10065C249 /* encoder.h in Headers */ = {isa = PBXBuildFile; fileRef = 63F9C26D22A601D10065C249 /* encoder.h */; };
		63F9C27822A601D10065C249 /* encoder.c in Sources */ = {isa = PBXBuildFile; fileRef = 63F9C26F22A601D10065C249 /* encoder.c */; };
		63F9C27922A601D10065C249 /* encoder.c in Sources */ = {isa = PBXBuildFile; fileRef = 63F9C26F22A601D10065C249 /* encoder.c */; };
		63F9C27A22A601D10065C249 /* decoder.h in Headers */ = {isa = PBXBuildFile; fileRef = 63F9C27022A601D10065C249 /* decoder.h */; };
		63F9C27B22A601D10065C249 /* decoder.h in Headers */ = {isa = PBXBuildFile; fileRef = 63F9C27022A601D10065C249 /* decoder.h */; };
		63F9C27C22A601D10065C249 /* timecode.c in Sources */ = {isa = PBXBuildFile; fileRef = 63F9C27122A601D10065C249 /* timecode.c */; };
		63F9C27D22A601D10065C249 /* timecode.c in Sources */ = {isa = PBXBuildFile; fileRef = 63F9C27122A601D10065C249 /* timecode.c */; };
		63F9C27E22A601D10065C249 /* decoder.c in Sources */ = {isa = PBXBuildFile; fileRef = 63F9C27222A601D10065C249 /* decoder.c */; };
		63F9C27F22A601D10065C249 /* decoder.c in Sources */ = {isa = PBXBuildFile; fileRef = 63F9C27222A601D10065C249 /* decoder.c */; };
/* End PBXBuildFile section */

/* Begin PBXFileReference section */
		22CF10220EE984600054F513 /* maxmspsdk.xcconfig */ = {isa = PBXFileReference; fileEncoding = 4; lastKnownFileType = text.xcconfig; name = maxmspsdk.xcconfig; path = build/maxmspsdk.xcconfig; sourceTree = SOURCE_ROOT; };
		2FBBEAE508F335360078DB84 /* imp.ltc.encode~.mxo */ = {isa = PBXFileReference; explicitFileType = wrapper.cfbundle; includeInIndex = 0; path = "imp.ltc.encode~.mxo"; sourceTree = BUILT_PRODUCTS_DIR; };
		6353A54A22A5FE68000F3A73 /* imp.ltc.encode~.c */ = {isa = PBXFileReference; fileEncoding = 4; lastKnownFileType = sourcecode.c.c; name = "imp.ltc.encode~.c"; path = "src/imp.ltc.encode~.c"; sourceTree = "<group>"; };
		6353A54B22A5FE68000F3A73 /* imp.ltc.decode~.c */ = {isa = PBXFileReference; fileEncoding = 4; lastKnownFileType = sourcecode.c.c; name = "imp.ltc.decode~.c"; path = "src/imp.ltc.decode~.c"; sourceTree = "<group>"; };
		6353A54C22A5FE68000F3A73 /* common.h */ = {isa = PBXFileReference; fileEncoding = 4; lastKnownFileType = sourcecode.c.h; name = common.h; path = src/common.h; sourceTree = "<group>"; };
		636A955223F06BCC006EC12F /* ltc.h */ = {isa = PBXFileReference; fileEncoding = 4; lastKnownFileType = sourcecode.c.h; name = ltc.h; path = lib/libltc/src/ltc.h; sourceTree = "<group>"; };
		636A955323F06BCC006EC12F /* ltc.c */ = {isa = PBXFileReference; fileEncoding = 4; lastKnownFileType = sourcecode.c.c; name = ltc.c; path = lib/libltc/src/ltc.c; sourceTree = "<group>"; };
		638DFF0D22A5FEF400EB41AB /* imp.ltc.decode~.mxo */ = {isa = PBXFileReference; explicitFileType = wrapper.cfbundle; includeInIndex = 0; path = "imp.ltc.decode~.mxo"; sourceTree = BUILT_PRODUCTS_DIR; };
		63F9C26D22A601D10065C249 /* encoder.h */ = {isa = PBXFileReference; fileEncoding = 4; lastKnownFileType = sourcecode.c.h; name = encoder.h; path = lib/libltc/src/encoder.h; sourceTree = "<group>"; };
		63F9C26F22A601D10065C249 /* encoder.c */ = {isa = PBXFileReference; fileEncoding = 4; lastKnownFileType = sourcecode.c.c; name = encoder.c; path = lib/libltc/src/encoder.c; sourceTree = "<group>"; };
		63F9C27022A601D10065C249 /* decoder.h */ = {isa = PBXFileReference; fileEncoding = 4; lastKnownFileType = sourcecode.c.h; name = decoder.h; path = lib/libltc/src/decoder.h; sourceTree = "<group>"; };
		63F9C27122A601D10065C249 /* timecode.c */ = {isa = PBXFileReference; fileEncoding = 4; lastKnownFileType = sourcecode.c.c; name = timecode.c; path = lib/libltc/src/timecode.c; sourceTree = "<group>"; };
		63F9C27222A601D10065C249 /* decoder.c */ = {isa = PBXFileReference; fileEncoding = 4; lastKnownFileType = sourcecode.c.c; name = decoder.c; path = lib/libltc/src/decoder.c; sourceTree = "<group>"; };
/* End PBXFileReference section */

/* Begin PBXFrameworksBuildPhase section */
		2FBBEADC08F335360078DB84 /* Frameworks */ = {
			isa = PBXFrameworksBuildPhase;
			buildActionMask = 2147483647;
			files = (
			);
			runOnlyForDeploymentPostprocessing = 0;
		};
		638DFF0822A5FEF400EB41AB /* Frameworks */ = {
			isa = PBXFrameworksBuildPhase;
			buildActionMask = 2147483647;
			files = (
			);
			runOnlyForDeploymentPostprocessing = 0;
		};
/* End PBXFrameworksBuildPhase section */

/* Begin PBXGroup section */
		089C166AFE841209C02AAC07 /* iterator */ = {
			isa = PBXGroup;
			children = (
				636A955323F06BCC006EC12F /* ltc.c */,
				636A955223F06BCC006EC12F /* ltc.h */,
				63F9C27222A601D10065C249 /* decoder.c */,
				63F9C27022A601D10065C249 /* decoder.h */,
				63F9C26F22A601D10065C249 /* encoder.c */,
				63F9C26D22A601D10065C249 /* encoder.h */,
				63F9C27122A601D10065C249 /* timecode.c */,
				6353A54C22A5FE68000F3A73 /* common.h */,
				6353A54B22A5FE68000F3A73 /* imp.ltc.decode~.c */,
				6353A54A22A5FE68000F3A73 /* imp.ltc.encode~.c */,
				22CF10220EE984600054F513 /* maxmspsdk.xcconfig */,
				19C28FB4FE9D528D11CA2CBB /* Products */,
			);
			name = iterator;
			sourceTree = "<group>";
		};
		19C28FB4FE9D528D11CA2CBB /* Products */ = {
			isa = PBXGroup;
			children = (
				2FBBEAE508F335360078DB84 /* imp.ltc.encode~.mxo */,
				638DFF0D22A5FEF400EB41AB /* imp.ltc.decode~.mxo */,
			);
			name = Products;
			sourceTree = "<group>";
		};
/* End PBXGroup section */

/* Begin PBXHeadersBuildPhase section */
		2FBBEAD708F335360078DB84 /* Headers */ = {
			isa = PBXHeadersBuildPhase;
			buildActionMask = 2147483647;
			files = (
				63F9C27A22A601D10065C249 /* decoder.h in Headers */,
				6353A55122A5FE68000F3A73 /* common.h in Headers */,
				636A955423F06BCC006EC12F /* ltc.h in Headers */,
				63F9C27422A601D10065C249 /* encoder.h in Headers */,
			);
			runOnlyForDeploymentPostprocessing = 0;
		};
		638DFF0022A5FEF400EB41AB /* Headers */ = {
			isa = PBXHeadersBuildPhase;
			buildActionMask = 2147483647;
			files = (
				63F9C27B22A601D10065C249 /* decoder.h in Headers */,
				638DFF0222A5FEF400EB41AB /* common.h in Headers */,
				636A955523F06BCC006EC12F /* ltc.h in Headers */,
				63F9C27522A601D10065C249 /* encoder.h in Headers */,
			);
			runOnlyForDeploymentPostprocessing = 0;
		};
/* End PBXHeadersBuildPhase section */

/* Begin PBXNativeTarget section */
		2FBBEAD608F335360078DB84 /* imp.ltc.encode~ */ = {
			isa = PBXNativeTarget;
			buildConfigurationList = 2FBBEAE008F335360078DB84 /* Build configuration list for PBXNativeTarget "imp.ltc.encode~" */;
			buildPhases = (
				2FBBEAD708F335360078DB84 /* Headers */,
				2FBBEAD808F335360078DB84 /* Resources */,
				2FBBEADA08F335360078DB84 /* Sources */,
				2FBBEADC08F335360078DB84 /* Frameworks */,
				2FBBEADF08F335360078DB84 /* Rez */,
			);
			buildRules = (
			);
			dependencies = (
			);
			name = "imp.ltc.encode~";
			productName = iterator;
			productReference = 2FBBEAE508F335360078DB84 /* imp.ltc.encode~.mxo */;
			productType = "com.apple.product-type.bundle";
		};
		638DFEFF22A5FEF400EB41AB /* imp.ltc.decode~ */ = {
			isa = PBXNativeTarget;
			buildConfigurationList = 638DFF0A22A5FEF400EB41AB /* Build configuration list for PBXNativeTarget "imp.ltc.decode~" */;
			buildPhases = (
				638DFF0022A5FEF400EB41AB /* Headers */,
				638DFF0322A5FEF400EB41AB /* Resources */,
				638DFF0422A5FEF400EB41AB /* Sources */,
				638DFF0822A5FEF400EB41AB /* Frameworks */,
				638DFF0922A5FEF400EB41AB /* Rez */,
			);
			buildRules = (
			);
			dependencies = (
			);
			name = "imp.ltc.decode~";
			productName = iterator;
			productReference = 638DFF0D22A5FEF400EB41AB /* imp.ltc.decode~.mxo */;
			productType = "com.apple.product-type.bundle";
		};
/* End PBXNativeTarget section */

/* Begin PBXProject section */
		089C1669FE841209C02AAC07 /* Project object */ = {
			isa = PBXProject;
			attributes = {
				LastUpgradeCheck = 1100;
			};
			buildConfigurationList = 2FBBEACF08F335010078DB84 /* Build configuration list for PBXProject "imp.ltc" */;
			compatibilityVersion = "Xcode 3.2";
			developmentRegion = en;
			hasScannedForEncodings = 1;
			knownRegions = (
				en,
			);
			mainGroup = 089C166AFE841209C02AAC07 /* iterator */;
			projectDirPath = "";
			projectRoot = "";
			targets = (
				2FBBEAD608F335360078DB84 /* imp.ltc.encode~ */,
				638DFEFF22A5FEF400EB41AB /* imp.ltc.decode~ */,
			);
		};
/* End PBXProject section */

/* Begin PBXResourcesBuildPhase section */
		2FBBEAD808F335360078DB84 /* Resources */ = {
			isa = PBXResourcesBuildPhase;
			buildActionMask = 2147483647;
			files = (
			);
			runOnlyForDeploymentPostprocessing = 0;
		};
		638DFF0322A5FEF400EB41AB /* Resources */ = {
			isa = PBXResourcesBuildPhase;
			buildActionMask = 2147483647;
			files = (
			);
			runOnlyForDeploymentPostprocessing = 0;
		};
/* End PBXResourcesBuildPhase section */

/* Begin PBXRezBuildPhase section */
		2FBBEADF08F335360078DB84 /* Rez */ = {
			isa = PBXRezBuildPhase;
			buildActionMask = 2147483647;
			files = (
			);
			runOnlyForDeploymentPostprocessing = 0;
		};
		638DFF0922A5FEF400EB41AB /* Rez */ = {
			isa = PBXRezBuildPhase;
			buildActionMask = 2147483647;
			files = (
			);
			runOnlyForDeploymentPostprocessing = 0;
		};
/* End PBXRezBuildPhase section */

/* Begin PBXSourcesBuildPhase section */
		2FBBEADA08F335360078DB84 /* Sources */ = {
			isa = PBXSourcesBuildPhase;
			buildActionMask = 2147483647;
			files = (
				63F9C27E22A601D10065C249 /* decoder.c in Sources */,
				6353A54F22A5FE68000F3A73 /* imp.ltc.encode~.c in Sources */,
				63F9C27C22A601D10065C249 /* timecode.c in Sources */,
				63F9C27822A601D10065C249 /* encoder.c in Sources */,
				636A955623F06BCC006EC12F /* ltc.c in Sources */,
			);
			runOnlyForDeploymentPostprocessing = 0;
		};
		638DFF0422A5FEF400EB41AB /* Sources */ = {
			isa = PBXSourcesBuildPhase;
			buildActionMask = 2147483647;
			files = (
				63F9C27F22A601D10065C249 /* decoder.c in Sources */,
				63F9C27D22A601D10065C249 /* timecode.c in Sources */,
				638DFF0722A5FEF400EB41AB /* imp.ltc.decode~.c in Sources */,
				63F9C27922A601D10065C249 /* encoder.c in Sources */,
				636A955723F06BCC006EC12F /* ltc.c in Sources */,
			);
			runOnlyForDeploymentPostprocessing = 0;
		};
/* End PBXSourcesBuildPhase section */

/* Begin XCBuildConfiguration section */
		2FBBEAD008F335010078DB84 /* Development */ = {
			isa = XCBuildConfiguration;
			buildSettings = {
				CLANG_ANALYZER_LOCALIZABILITY_NONLOCALIZED = YES;
				CLANG_WARN_BLOCK_CAPTURE_AUTORELEASING = YES;
				CLANG_WARN_BOOL_CONVERSION = YES;
				CLANG_WARN_COMMA = YES;
				CLANG_WARN_CONSTANT_CONVERSION = YES;
				CLANG_WARN_DEPRECATED_OBJC_IMPLEMENTATIONS = YES;
				CLANG_WARN_EMPTY_BODY = YES;
				CLANG_WARN_ENUM_CONVERSION = YES;
				CLANG_WARN_INFINITE_RECURSION = YES;
				CLANG_WARN_INT_CONVERSION = YES;
				CLANG_WARN_NON_LITERAL_NULL_CONVERSION = YES;
				CLANG_WARN_OBJC_IMPLICIT_RETAIN_SELF = YES;
				CLANG_WARN_OBJC_LITERAL_CONVERSION = YES;
				CLANG_WARN_RANGE_LOOP_ANALYSIS = YES;
				CLANG_WARN_STRICT_PROTOTYPES = YES;
				CLANG_WARN_SUSPICIOUS_MOVE = YES;
				CLANG_WARN_UNREACHABLE_CODE = YES;
				CLANG_WARN__DUPLICATE_METHOD_MATCH = YES;
				ENABLE_STRICT_OBJC_MSGSEND = YES;
				ENABLE_TESTABILITY = YES;
				GCC_NO_COMMON_BLOCKS = YES;
				GCC_WARN_64_TO_32_BIT_CONVERSION = YES;
				GCC_WARN_ABOUT_RETURN_TYPE = YES;
				GCC_WARN_UNDECLARED_SELECTOR = YES;
				GCC_WARN_UNINITIALIZED_AUTOS = YES;
				GCC_WARN_UNUSED_FUNCTION = YES;
				GCC_WARN_UNUSED_VARIABLE = YES;
				ONLY_ACTIVE_ARCH = YES;
			};
			name = Development;
		};
		2FBBEAD108F335010078DB84 /* Deployment */ = {
			isa = XCBuildConfiguration;
			buildSettings = {
				CLANG_ANALYZER_LOCALIZABILITY_NONLOCALIZED = YES;
				CLANG_WARN_BLOCK_CAPTURE_AUTORELEASING = YES;
				CLANG_WARN_BOOL_CONVERSION = YES;
				CLANG_WARN_COMMA = YES;
				CLANG_WARN_CONSTANT_CONVERSION = YES;
				CLANG_WARN_DEPRECATED_OBJC_IMPLEMENTATIONS = YES;
				CLANG_WARN_EMPTY_BODY = YES;
				CLANG_WARN_ENUM_CONVERSION = YES;
				CLANG_WARN_INFINITE_RECURSION = YES;
				CLANG_WARN_INT_CONVERSION = YES;
				CLANG_WARN_NON_LITERAL_NULL_CONVERSION = YES;
				CLANG_WARN_OBJC_IMPLICIT_RETAIN_SELF = YES;
				CLANG_WARN_OBJC_LITERAL_CONVERSION = YES;
				CLANG_WARN_RANGE_LOOP_ANALYSIS = YES;
				CLANG_WARN_STRICT_PROTOTYPES = YES;
				CLANG_WARN_SUSPICIOUS_MOVE = YES;
				CLANG_WARN_UNREACHABLE_CODE = YES;
				CLANG_WARN__DUPLICATE_METHOD_MATCH = YES;
				ENABLE_STRICT_OBJC_MSGSEND = YES;
				GCC_NO_COMMON_BLOCKS = YES;
				GCC_WARN_64_TO_32_BIT_CONVERSION = YES;
				GCC_WARN_ABOUT_RETURN_TYPE = YES;
				GCC_WARN_UNDECLARED_SELECTOR = YES;
				GCC_WARN_UNINITIALIZED_AUTOS = YES;
				GCC_WARN_UNUSED_FUNCTION = YES;
				GCC_WARN_UNUSED_VARIABLE = YES;
			};
			name = Deployment;
		};
		2FBBEAE108F335360078DB84 /* Development */ = {
			isa = XCBuildConfiguration;
			baseConfigurationReference = 22CF10220EE984600054F513 /* maxmspsdk.xcconfig */;
			buildSettings = {
				CLANG_ENABLE_OBJC_WEAK = YES;
				COPY_PHASE_STRIP = NO;
				GCC_OPTIMIZATION_LEVEL = 0;
				PRODUCT_BUNDLE_IDENTIFIER = "com.cycling74.${PRODUCT_NAME:rfc1034identifier}";
				PRODUCT_NAME = "$(PROJECT_NAME).encode~";
			};
			name = Development;
		};
		2FBBEAE208F335360078DB84 /* Deployment */ = {
			isa = XCBuildConfiguration;
			baseConfigurationReference = 22CF10220EE984600054F513 /* maxmspsdk.xcconfig */;
			buildSettings = {
				CLANG_ENABLE_OBJC_WEAK = YES;
				COPY_PHASE_STRIP = YES;
				PRODUCT_BUNDLE_IDENTIFIER = "com.cycling74.${PRODUCT_NAME:rfc1034identifier}";
				PRODUCT_NAME = "$(PROJECT_NAME).encode~";
			};
			name = Deployment;
		};
		638DFF0B22A5FEF400EB41AB /* Development */ = {
			isa = XCBuildConfiguration;
			baseConfigurationReference = 22CF10220EE984600054F513 /* maxmspsdk.xcconfig */;
			buildSettings = {
				CLANG_ENABLE_OBJC_WEAK = YES;
				COPY_PHASE_STRIP = NO;
				GCC_OPTIMIZATION_LEVEL = 0;
				PRODUCT_BUNDLE_IDENTIFIER = "com.cycling74.${PRODUCT_NAME:rfc1034identifier}";
				PRODUCT_NAME = "$(PROJECT_NAME).decode~";
			};
			name = Development;
		};
		638DFF0C22A5FEF400EB41AB /* Deployment */ = {
			isa = XCBuildConfiguration;
			baseConfigurationReference = 22CF10220EE984600054F513 /* maxmspsdk.xcconfig */;
			buildSettings = {
				CLANG_ENABLE_OBJC_WEAK = YES;
				COPY_PHASE_STRIP = YES;
				PRODUCT_BUNDLE_IDENTIFIER = "com.cycling74.${PRODUCT_NAME:rfc1034identifier}";
				PRODUCT_NAME = "$(PROJECT_NAME).decode~";
			};
			name = Deployment;
		};
/* End XCBuildConfiguration section */

/* Begin XCConfigurationList section */
		2FBBEACF08F335010078DB84 /* Build configuration list for PBXProject "imp.ltc" */ = {
			isa = XCConfigurationList;
			buildConfigurations = (
				2FBBEAD008F335010078DB84 /* Development */,
				2FBBEAD108F335010078DB84 /* Deployment */,
			);
			defaultConfigurationIsVisible = 0;
			defaultConfigurationName = Development;
		};
		2FBBEAE008F335360078DB84 /* Build configuration list for PBXNativeTarget "imp.ltc.encode~" */ = {
			isa = XCConfigurationList;
			buildConfigurations = (
				2FBBEAE108F335360078DB84 /* Development */,
				2FBBEAE208F335360078DB84 /* Deployment */,
			);
			defaultConfigurationIsVisible = 0;
			defaultConfigurationName = Development;
		};
		638DFF0A22A5FEF400EB41AB /* Build configuration list for PBXNativeTarget "imp.ltc.decode~" */ = {
			isa = XCConfigurationList;
			buildConfigurations = (
				638DFF0B22A5FEF400EB41AB /* Development */,
				638DFF0C22A5FEF400EB41AB /* Deployment */,
			);
			defaultConfigurationIsVisible = 0;
			defaultConfigurationName = Development;
		};
/* End XCConfigurationList section */
	};
	rootObject = 089C1669FE841209C02AAC07 /* Project object */;
}
